// !$*UTF8*$!
{
	archiveVersion = 1;
	classes = {
	};
	objectVersion = 56;
	objects = {

/* Begin PBXBuildFile section */
		3A9FEAD82A17AA95002B0A24 /* AppDelegate.swift in Sources */ = {isa = PBXBuildFile; fileRef = 3A9FEAD72A17AA95002B0A24 /* AppDelegate.swift */; };
		3A9FEADA2A17AA95002B0A24 /* SceneDelegate.swift in Sources */ = {isa = PBXBuildFile; fileRef = 3A9FEAD92A17AA95002B0A24 /* SceneDelegate.swift */; };
		3A9FEADC2A17AA95002B0A24 /* ConfigurationViewController.swift in Sources */ = {isa = PBXBuildFile; fileRef = 3A9FEADB2A17AA95002B0A24 /* ConfigurationViewController.swift */; };
		3A9FEAE12A17AA96002B0A24 /* Assets.xcassets in Resources */ = {isa = PBXBuildFile; fileRef = 3A9FEAE02A17AA96002B0A24 /* Assets.xcassets */; };
		3A9FEAE42A17AA96002B0A24 /* LaunchScreen.storyboard in Resources */ = {isa = PBXBuildFile; fileRef = 3A9FEAE22A17AA96002B0A24 /* LaunchScreen.storyboard */; };
		3A9FEAEC2A17B4ED002B0A24 /* Constants.swift in Sources */ = {isa = PBXBuildFile; fileRef = 3A9FEAEB2A17B4ED002B0A24 /* Constants.swift */; };
		3A9FEAEE2A17BE0F002B0A24 /* ListViewController.swift in Sources */ = {isa = PBXBuildFile; fileRef = 3A9FEAED2A17BE0F002B0A24 /* ListViewController.swift */; };
		3A9FEAF02A17BE2B002B0A24 /* DetailViewController.swift in Sources */ = {isa = PBXBuildFile; fileRef = 3A9FEAEF2A17BE2B002B0A24 /* DetailViewController.swift */; };
		3A9FEAF22A17BEC8002B0A24 /* APICaller.swift in Sources */ = {isa = PBXBuildFile; fileRef = 3A9FEAF12A17BEC8002B0A24 /* APICaller.swift */; };
		3A9FEAF42A17C2FD002B0A24 /* CountryInfo.swift in Sources */ = {isa = PBXBuildFile; fileRef = 3A9FEAF32A17C2FD002B0A24 /* CountryInfo.swift */; };
		3A9FEAF62A17C328002B0A24 /* CountryList.swift in Sources */ = {isa = PBXBuildFile; fileRef = 3A9FEAF52A17C328002B0A24 /* CountryList.swift */; };
/* End PBXBuildFile section */

/* Begin PBXFileReference section */
		3A9FEAD42A17AA95002B0A24 /* CountryData.app */ = {isa = PBXFileReference; explicitFileType = wrapper.application; includeInIndex = 0; path = CountryData.app; sourceTree = BUILT_PRODUCTS_DIR; };
		3A9FEAD72A17AA95002B0A24 /* AppDelegate.swift */ = {isa = PBXFileReference; lastKnownFileType = sourcecode.swift; path = AppDelegate.swift; sourceTree = "<group>"; };
		3A9FEAD92A17AA95002B0A24 /* SceneDelegate.swift */ = {isa = PBXFileReference; lastKnownFileType = sourcecode.swift; path = SceneDelegate.swift; sourceTree = "<group>"; };
		3A9FEADB2A17AA95002B0A24 /* ConfigurationViewController.swift */ = {isa = PBXFileReference; lastKnownFileType = sourcecode.swift; path = ConfigurationViewController.swift; sourceTree = "<group>"; };
		3A9FEAE02A17AA96002B0A24 /* Assets.xcassets */ = {isa = PBXFileReference; lastKnownFileType = folder.assetcatalog; path = Assets.xcassets; sourceTree = "<group>"; };
		3A9FEAE32A17AA96002B0A24 /* Base */ = {isa = PBXFileReference; lastKnownFileType = file.storyboard; name = Base; path = Base.lproj/LaunchScreen.storyboard; sourceTree = "<group>"; };
		3A9FEAE52A17AA96002B0A24 /* Info.plist */ = {isa = PBXFileReference; lastKnownFileType = text.plist.xml; path = Info.plist; sourceTree = "<group>"; };
		3A9FEAEB2A17B4ED002B0A24 /* Constants.swift */ = {isa = PBXFileReference; lastKnownFileType = sourcecode.swift; path = Constants.swift; sourceTree = "<group>"; };
		3A9FEAED2A17BE0F002B0A24 /* ListViewController.swift */ = {isa = PBXFileReference; lastKnownFileType = sourcecode.swift; path = ListViewController.swift; sourceTree = "<group>"; };
		3A9FEAEF2A17BE2B002B0A24 /* DetailViewController.swift */ = {isa = PBXFileReference; lastKnownFileType = sourcecode.swift; path = DetailViewController.swift; sourceTree = "<group>"; };
		3A9FEAF12A17BEC8002B0A24 /* APICaller.swift */ = {isa = PBXFileReference; lastKnownFileType = sourcecode.swift; path = APICaller.swift; sourceTree = "<group>"; };
		3A9FEAF32A17C2FD002B0A24 /* CountryInfo.swift */ = {isa = PBXFileReference; lastKnownFileType = sourcecode.swift; path = CountryInfo.swift; sourceTree = "<group>"; };
		3A9FEAF52A17C328002B0A24 /* CountryList.swift */ = {isa = PBXFileReference; lastKnownFileType = sourcecode.swift; path = CountryList.swift; sourceTree = "<group>"; };
/* End PBXFileReference section */

/* Begin PBXFrameworksBuildPhase section */
		3A9FEAD12A17AA95002B0A24 /* Frameworks */ = {
			isa = PBXFrameworksBuildPhase;
			buildActionMask = 2147483647;
			files = (
			);
			runOnlyForDeploymentPostprocessing = 0;
		};
/* End PBXFrameworksBuildPhase section */

/* Begin PBXGroup section */
		3A9FEACB2A17AA95002B0A24 = {
			isa = PBXGroup;
			children = (
				3A9FEAD62A17AA95002B0A24 /* CountryData */,
				3A9FEAD52A17AA95002B0A24 /* Products */,
			);
			sourceTree = "<group>";
		};
		3A9FEAD52A17AA95002B0A24 /* Products */ = {
			isa = PBXGroup;
			children = (
				3A9FEAD42A17AA95002B0A24 /* CountryData.app */,
			);
			name = Products;
			sourceTree = "<group>";
		};
		3A9FEAD62A17AA95002B0A24 /* CountryData */ = {
			isa = PBXGroup;
			children = (
				3A9FEAF72A17C977002B0A24 /* Controllers */,
				3A9FEAFB2A17C9F3002B0A24 /* AppConfiguration */,
				3A9FEAFA2A17C9D2002B0A24 /* Managers */,
				3A9FEAF82A17C98B002B0A24 /* Models */,
				3A9FEAF92A17C9BB002B0A24 /* Common */,
			);
			path = CountryData;
			sourceTree = "<group>";
		};
		3A9FEAF72A17C977002B0A24 /* Controllers */ = {
			isa = PBXGroup;
			children = (
				3A9FEAEF2A17BE2B002B0A24 /* DetailViewController.swift */,
				3A9FEAED2A17BE0F002B0A24 /* ListViewController.swift */,
				3A9FEADB2A17AA95002B0A24 /* ConfigurationViewController.swift */,
			);
			path = Controllers;
			sourceTree = "<group>";
		};
		3A9FEAF82A17C98B002B0A24 /* Models */ = {
			isa = PBXGroup;
			children = (
				3A9FEAF32A17C2FD002B0A24 /* CountryInfo.swift */,
				3A9FEAF52A17C328002B0A24 /* CountryList.swift */,
			);
			path = Models;
			sourceTree = "<group>";
		};
		3A9FEAF92A17C9BB002B0A24 /* Common */ = {
			isa = PBXGroup;
			children = (
				3A9FEAEB2A17B4ED002B0A24 /* Constants.swift */,
				3A9FEAE02A17AA96002B0A24 /* Assets.xcassets */,
				3A9FEAE22A17AA96002B0A24 /* LaunchScreen.storyboard */,
				3A9FEAE52A17AA96002B0A24 /* Info.plist */,
			);
			path = Common;
			sourceTree = "<group>";
		};
		3A9FEAFA2A17C9D2002B0A24 /* Managers */ = {
			isa = PBXGroup;
			children = (
				3A9FEAF12A17BEC8002B0A24 /* APICaller.swift */,
			);
			path = Managers;
			sourceTree = "<group>";
		};
		3A9FEAFB2A17C9F3002B0A24 /* AppConfiguration */ = {
			isa = PBXGroup;
			children = (
				3A9FEAD72A17AA95002B0A24 /* AppDelegate.swift */,
				3A9FEAD92A17AA95002B0A24 /* SceneDelegate.swift */,
			);
			path = AppConfiguration;
			sourceTree = "<group>";
		};
/* End PBXGroup section */

/* Begin PBXNativeTarget section */
		3A9FEAD32A17AA95002B0A24 /* CountryData */ = {
			isa = PBXNativeTarget;
			buildConfigurationList = 3A9FEAE82A17AA96002B0A24 /* Build configuration list for PBXNativeTarget "CountryData" */;
			buildPhases = (
				3A9FEAD02A17AA95002B0A24 /* Sources */,
				3A9FEAD12A17AA95002B0A24 /* Frameworks */,
				3A9FEAD22A17AA95002B0A24 /* Resources */,
			);
			buildRules = (
			);
			dependencies = (
			);
			name = CountryData;
			productName = CountryData;
			productReference = 3A9FEAD42A17AA95002B0A24 /* CountryData.app */;
			productType = "com.apple.product-type.application";
		};
/* End PBXNativeTarget section */

/* Begin PBXProject section */
		3A9FEACC2A17AA95002B0A24 /* Project object */ = {
			isa = PBXProject;
			attributes = {
				BuildIndependentTargetsInParallel = 1;
				LastSwiftUpdateCheck = 1430;
				LastUpgradeCheck = 1430;
				TargetAttributes = {
					3A9FEAD32A17AA95002B0A24 = {
						CreatedOnToolsVersion = 14.3;
					};
				};
			};
			buildConfigurationList = 3A9FEACF2A17AA95002B0A24 /* Build configuration list for PBXProject "CountryData" */;
			compatibilityVersion = "Xcode 14.0";
			developmentRegion = en;
			hasScannedForEncodings = 0;
			knownRegions = (
				en,
				Base,
			);
			mainGroup = 3A9FEACB2A17AA95002B0A24;
			productRefGroup = 3A9FEAD52A17AA95002B0A24 /* Products */;
			projectDirPath = "";
			projectRoot = "";
			targets = (
				3A9FEAD32A17AA95002B0A24 /* CountryData */,
			);
		};
/* End PBXProject section */

/* Begin PBXResourcesBuildPhase section */
		3A9FEAD22A17AA95002B0A24 /* Resources */ = {
			isa = PBXResourcesBuildPhase;
			buildActionMask = 2147483647;
			files = (
				3A9FEAE42A17AA96002B0A24 /* LaunchScreen.storyboard in Resources */,
				3A9FEAE12A17AA96002B0A24 /* Assets.xcassets in Resources */,
			);
			runOnlyForDeploymentPostprocessing = 0;
		};
/* End PBXResourcesBuildPhase section */

/* Begin PBXSourcesBuildPhase section */
		3A9FEAD02A17AA95002B0A24 /* Sources */ = {
			isa = PBXSourcesBuildPhase;
			buildActionMask = 2147483647;
			files = (
				3A9FEADC2A17AA95002B0A24 /* ConfigurationViewController.swift in Sources */,
				3A9FEAD82A17AA95002B0A24 /* AppDelegate.swift in Sources */,
				3A9FEADA2A17AA95002B0A24 /* SceneDelegate.swift in Sources */,
				3A9FEAF22A17BEC8002B0A24 /* APICaller.swift in Sources */,
				3A9FEAF42A17C2FD002B0A24 /* CountryInfo.swift in Sources */,
				3A9FEAF62A17C328002B0A24 /* CountryList.swift in Sources */,
				3A9FEAF02A17BE2B002B0A24 /* DetailViewController.swift in Sources */,
				3A9FEAEE2A17BE0F002B0A24 /* ListViewController.swift in Sources */,
				3A9FEAEC2A17B4ED002B0A24 /* Constants.swift in Sources */,
			);
			runOnlyForDeploymentPostprocessing = 0;
		};
/* End PBXSourcesBuildPhase section */

/* Begin PBXVariantGroup section */
		3A9FEAE22A17AA96002B0A24 /* LaunchScreen.storyboard */ = {
			isa = PBXVariantGroup;
			children = (
				3A9FEAE32A17AA96002B0A24 /* Base */,
			);
			name = LaunchScreen.storyboard;
			sourceTree = "<group>";
		};
/* End PBXVariantGroup section */

/* Begin XCBuildConfiguration section */
		3A9FEAE62A17AA96002B0A24 /* Debug */ = {
			isa = XCBuildConfiguration;
			buildSettings = {
				ALWAYS_SEARCH_USER_PATHS = NO;
				CLANG_ANALYZER_NONNULL = YES;
				CLANG_ANALYZER_NUMBER_OBJECT_CONVERSION = YES_AGGRESSIVE;
				CLANG_CXX_LANGUAGE_STANDARD = "gnu++20";
				CLANG_ENABLE_MODULES = YES;
				CLANG_ENABLE_OBJC_ARC = YES;
				CLANG_ENABLE_OBJC_WEAK = YES;
				CLANG_WARN_BLOCK_CAPTURE_AUTORELEASING = YES;
				CLANG_WARN_BOOL_CONVERSION = YES;
				CLANG_WARN_COMMA = YES;
				CLANG_WARN_CONSTANT_CONVERSION = YES;
				CLANG_WARN_DEPRECATED_OBJC_IMPLEMENTATIONS = YES;
				CLANG_WARN_DIRECT_OBJC_ISA_USAGE = YES_ERROR;
				CLANG_WARN_DOCUMENTATION_COMMENTS = YES;
				CLANG_WARN_EMPTY_BODY = YES;
				CLANG_WARN_ENUM_CONVERSION = YES;
				CLANG_WARN_INFINITE_RECURSION = YES;
				CLANG_WARN_INT_CONVERSION = YES;
				CLANG_WARN_NON_LITERAL_NULL_CONVERSION = YES;
				CLANG_WARN_OBJC_IMPLICIT_RETAIN_SELF = YES;
				CLANG_WARN_OBJC_LITERAL_CONVERSION = YES;
				CLANG_WARN_OBJC_ROOT_CLASS = YES_ERROR;
				CLANG_WARN_QUOTED_INCLUDE_IN_FRAMEWORK_HEADER = YES;
				CLANG_WARN_RANGE_LOOP_ANALYSIS = YES;
				CLANG_WARN_STRICT_PROTOTYPES = YES;
				CLANG_WARN_SUSPICIOUS_MOVE = YES;
				CLANG_WARN_UNGUARDED_AVAILABILITY = YES_AGGRESSIVE;
				CLANG_WARN_UNREACHABLE_CODE = YES;
				CLANG_WARN__DUPLICATE_METHOD_MATCH = YES;
				COPY_PHASE_STRIP = NO;
				DEBUG_INFORMATION_FORMAT = dwarf;
				ENABLE_STRICT_OBJC_MSGSEND = YES;
				ENABLE_TESTABILITY = YES;
				GCC_C_LANGUAGE_STANDARD = gnu11;
				GCC_DYNAMIC_NO_PIC = NO;
				GCC_NO_COMMON_BLOCKS = YES;
				GCC_OPTIMIZATION_LEVEL = 0;
				GCC_PREPROCESSOR_DEFINITIONS = (
					"DEBUG=1",
					"$(inherited)",
				);
				GCC_WARN_64_TO_32_BIT_CONVERSION = YES;
				GCC_WARN_ABOUT_RETURN_TYPE = YES_ERROR;
				GCC_WARN_UNDECLARED_SELECTOR = YES;
				GCC_WARN_UNINITIALIZED_AUTOS = YES_AGGRESSIVE;
				GCC_WARN_UNUSED_FUNCTION = YES;
				GCC_WARN_UNUSED_VARIABLE = YES;
				IPHONEOS_DEPLOYMENT_TARGET = 16.4;
				MTL_ENABLE_DEBUG_INFO = INCLUDE_SOURCE;
				MTL_FAST_MATH = YES;
				ONLY_ACTIVE_ARCH = YES;
				SDKROOT = iphoneos;
				SWIFT_ACTIVE_COMPILATION_CONDITIONS = DEBUG;
				SWIFT_OPTIMIZATION_LEVEL = "-Onone";
			};
			name = Debug;
		};
		3A9FEAE72A17AA96002B0A24 /* Release */ = {
			isa = XCBuildConfiguration;
			buildSettings = {
				ALWAYS_SEARCH_USER_PATHS = NO;
				CLANG_ANALYZER_NONNULL = YES;
				CLANG_ANALYZER_NUMBER_OBJECT_CONVERSION = YES_AGGRESSIVE;
				CLANG_CXX_LANGUAGE_STANDARD = "gnu++20";
				CLANG_ENABLE_MODULES = YES;
				CLANG_ENABLE_OBJC_ARC = YES;
				CLANG_ENABLE_OBJC_WEAK = YES;
				CLANG_WARN_BLOCK_CAPTURE_AUTORELEASING = YES;
				CLANG_WARN_BOOL_CONVERSION = YES;
				CLANG_WARN_COMMA = YES;
				CLANG_WARN_CONSTANT_CONVERSION = YES;
				CLANG_WARN_DEPRECATED_OBJC_IMPLEMENTATIONS = YES;
				CLANG_WARN_DIRECT_OBJC_ISA_USAGE = YES_ERROR;
				CLANG_WARN_DOCUMENTATION_COMMENTS = YES;
				CLANG_WARN_EMPTY_BODY = YES;
				CLANG_WARN_ENUM_CONVERSION = YES;
				CLANG_WARN_INFINITE_RECURSION = YES;
				CLANG_WARN_INT_CONVERSION = YES;
				CLANG_WARN_NON_LITERAL_NULL_CONVERSION = YES;
				CLANG_WARN_OBJC_IMPLICIT_RETAIN_SELF = YES;
				CLANG_WARN_OBJC_LITERAL_CONVERSION = YES;
				CLANG_WARN_OBJC_ROOT_CLASS = YES_ERROR;
				CLANG_WARN_QUOTED_INCLUDE_IN_FRAMEWORK_HEADER = YES;
				CLANG_WARN_RANGE_LOOP_ANALYSIS = YES;
				CLANG_WARN_STRICT_PROTOTYPES = YES;
				CLANG_WARN_SUSPICIOUS_MOVE = YES;
				CLANG_WARN_UNGUARDED_AVAILABILITY = YES_AGGRESSIVE;
				CLANG_WARN_UNREACHABLE_CODE = YES;
				CLANG_WARN__DUPLICATE_METHOD_MATCH = YES;
				COPY_PHASE_STRIP = NO;
				DEBUG_INFORMATION_FORMAT = "dwarf-with-dsym";
				ENABLE_NS_ASSERTIONS = NO;
				ENABLE_STRICT_OBJC_MSGSEND = YES;
				GCC_C_LANGUAGE_STANDARD = gnu11;
				GCC_NO_COMMON_BLOCKS = YES;
				GCC_WARN_64_TO_32_BIT_CONVERSION = YES;
				GCC_WARN_ABOUT_RETURN_TYPE = YES_ERROR;
				GCC_WARN_UNDECLARED_SELECTOR = YES;
				GCC_WARN_UNINITIALIZED_AUTOS = YES_AGGRESSIVE;
				GCC_WARN_UNUSED_FUNCTION = YES;
				GCC_WARN_UNUSED_VARIABLE = YES;
				IPHONEOS_DEPLOYMENT_TARGET = 16.4;
				MTL_ENABLE_DEBUG_INFO = NO;
				MTL_FAST_MATH = YES;
				SDKROOT = iphoneos;
				SWIFT_COMPILATION_MODE = wholemodule;
				SWIFT_OPTIMIZATION_LEVEL = "-O";
				VALIDATE_PRODUCT = YES;
			};
			name = Release;
		};
		3A9FEAE92A17AA96002B0A24 /* Debug */ = {
			isa = XCBuildConfiguration;
			buildSettings = {
				ASSETCATALOG_COMPILER_APPICON_NAME = AppIcon;
				ASSETCATALOG_COMPILER_GLOBAL_ACCENT_COLOR_NAME = AccentColor;
				CODE_SIGN_STYLE = Automatic;
				CURRENT_PROJECT_VERSION = 1;
				DEVELOPMENT_TEAM = S5766AV554;
				GENERATE_INFOPLIST_FILE = YES;
				INFOPLIST_FILE = CountryData/Common/Info.plist;
				INFOPLIST_KEY_UIApplicationSupportsIndirectInputEvents = YES;
				INFOPLIST_KEY_UILaunchStoryboardName = LaunchScreen;
				INFOPLIST_KEY_UISupportedInterfaceOrientations = UIInterfaceOrientationPortrait;
				INFOPLIST_KEY_UISupportedInterfaceOrientations_iPad = "UIInterfaceOrientationPortrait UIInterfaceOrientationPortraitUpsideDown";
				LD_RUNPATH_SEARCH_PATHS = (
					"$(inherited)",
					"@executable_path/Frameworks",
				);
				MARKETING_VERSION = 1.0;
				PRODUCT_BUNDLE_IDENTIFIER = com.notbad.CountryData;
				PRODUCT_NAME = "$(TARGET_NAME)";
				SWIFT_EMIT_LOC_STRINGS = YES;
				SWIFT_VERSION = 5.0;
				TARGETED_DEVICE_FAMILY = "1,2";
			};
			name = Debug;
		};
		3A9FEAEA2A17AA96002B0A24 /* Release */ = {
			isa = XCBuildConfiguration;
			buildSettings = {
				ASSETCATALOG_COMPILER_APPICON_NAME = AppIcon;
				ASSETCATALOG_COMPILER_GLOBAL_ACCENT_COLOR_NAME = AccentColor;
				CODE_SIGN_STYLE = Automatic;
				CURRENT_PROJECT_VERSION = 1;
				DEVELOPMENT_TEAM = S5766AV554;
				GENERATE_INFOPLIST_FILE = YES;
				INFOPLIST_FILE = CountryData/Common/Info.plist;
				INFOPLIST_KEY_UIApplicationSupportsIndirectInputEvents = YES;
				INFOPLIST_KEY_UILaunchStoryboardName = LaunchScreen;
				INFOPLIST_KEY_UISupportedInterfaceOrientations = UIInterfaceOrientationPortrait;
				INFOPLIST_KEY_UISupportedInterfaceOrientations_iPad = "UIInterfaceOrientationPortrait UIInterfaceOrientationPortraitUpsideDown";
				LD_RUNPATH_SEARCH_PATHS = (
					"$(inherited)",
					"@executable_path/Frameworks",
				);
				MARKETING_VERSION = 1.0;
				PRODUCT_BUNDLE_IDENTIFIER = com.notbad.CountryData;
				PRODUCT_NAME = "$(TARGET_NAME)";
				SWIFT_EMIT_LOC_STRINGS = YES;
				SWIFT_VERSION = 5.0;
				TARGETED_DEVICE_FAMILY = "1,2";
			};
			name = Release;
		};
/* End XCBuildConfiguration section */

/* Begin XCConfigurationList section */
		3A9FEACF2A17AA95002B0A24 /* Build configuration list for PBXProject "CountryData" */ = {
			isa = XCConfigurationList;
			buildConfigurations = (
				3A9FEAE62A17AA96002B0A24 /* Debug */,
				3A9FEAE72A17AA96002B0A24 /* Release */,
			);
			defaultConfigurationIsVisible = 0;
			defaultConfigurationName = Release;
		};
		3A9FEAE82A17AA96002B0A24 /* Build configuration list for PBXNativeTarget "CountryData" */ = {
			isa = XCConfigurationList;
			buildConfigurations = (
				3A9FEAE92A17AA96002B0A24 /* Debug */,
				3A9FEAEA2A17AA96002B0A24 /* Release */,
			);
			defaultConfigurationIsVisible = 0;
			defaultConfigurationName = Release;
		};
/* End XCConfigurationList section */
	};
	rootObject = 3A9FEACC2A17AA95002B0A24 /* Project object */;
}
